
Microsoft Visual Studio Solution File, Format Version 12.00
Project("{FAE04EC0-301F-11D3-BF4B-00C04F79EFBC}") = "GraphQlBackend", "GraphQlBackend\GraphQlBackend.csproj", "{EC4E30D5-CAB9-49DD-8611-78669170CD2E}"
EndProject
Global
	GlobalSection(SolutionConfigurationPlatforms) = preSolution
		Debug|Any CPU = Debug|Any CPU
		Release|Any CPU = Release|Any CPU
	EndGlobalSection
	GlobalSection(ProjectConfigurationPlatforms) = postSolution
		{EC4E30D5-CAB9-49DD-8611-78669170CD2E}.Debug|Any CPU.ActiveCfg = Debug|Any CPU
		{EC4E30D5-CAB9-49DD-8611-78669170CD2E}.Debug|Any CPU.Build.0 = Debug|Any CPU
		{EC4E30D5-CAB9-49DD-8611-78669170CD2E}.Release|Any CPU.ActiveCfg = Release|Any CPU
		{EC4E30D5-CAB9-49DD-8611-78669170CD2E}.Release|Any CPU.Build.0 = Release|Any CPU
	EndGlobalSection
EndGlobal
